{
  "name": "dt-analyze-bot",
  "version": "1.0.1",
  "lockfileVersion": 2,
  "requires": true,
  "packages": {
    "": {
      "name": "dt-analyze-bot",
      "version": "1.0.1",
      "hasInstallScript": true,
      "license": "MIT",
      "dependencies": {
        "install": "^0.13.0"
      }
    },
    "node_modules/install": {
      "version": "0.13.0",
      "resolved": "https://registry.npm.alibaba-inc.com/install/download/install-0.13.0.tgz",
      "integrity": "sha1-avbp2p3QmH3iq0IPeOYNnBcmB3Y=",
      "engines": {
        "node": ">= 0.10"
      }
    }
  },
  "dependencies": {
    "install": {
      "version": "0.13.0",
      "resolved": "https://registry.npm.alibaba-inc.com/install/download/install-0.13.0.tgz",
      "integrity": "sha1-avbp2p3QmH3iq0IPeOYNnBcmB3Y="
    }
  }
}
